
Microsoft Visual Studio Solution File, Format Version 12.00
# Visual Studio Version 17
VisualStudioVersion = 17.3.32825.248
MinimumVisualStudioVersion = 10.0.40219.1
Project("{FAE04EC0-301F-11D3-BF4B-00C04F79EFBC}") = "ClubSystemsProject", "ClubSystemsProject\ClubSystemsProject.csproj", "{2813C086-7318-4CFF-A511-5DEC0D142B50}"
EndProject
Global
	GlobalSection(SolutionConfigurationPlatforms) = preSolution
		Debug|Any CPU = Debug|Any CPU
		Release|Any CPU = Release|Any CPU
	EndGlobalSection
	GlobalSection(ProjectConfigurationPlatforms) = postSolution
		{2813C086-7318-4CFF-A511-5DEC0D142B50}.Debug|Any CPU.ActiveCfg = Debug|Any CPU
		{2813C086-7318-4CFF-A511-5DEC0D142B50}.Debug|Any CPU.Build.0 = Debug|Any CPU
		{2813C086-7318-4CFF-A511-5DEC0D142B50}.Release|Any CPU.ActiveCfg = Release|Any CPU
		{2813C086-7318-4CFF-A511-5DEC0D142B50}.Release|Any CPU.Build.0 = Release|Any CPU
	EndGlobalSection
	GlobalSection(SolutionProperties) = preSolution
		HideSolutionNode = FALSE
	EndGlobalSection
	GlobalSection(ExtensibilityGlobals) = postSolution
		SolutionGuid = {DA610E99-43CD-4D20-A8F8-EE3372A7935C}
	EndGlobalSection
EndGlobal
